{
    "_meta": {
        "hash": {"sha256": "abc123"},
        "pipfile-spec": 6,
        "requires": {"python_version": "3.9"},
        "sources": [{"name": "pypi", "url": "https://pypi.org/simple", "verify_ssl": true}]
    },
    "default": {
        "urllib3": {"version": "==2.2.3", "index": "pypi"},
        "looker-sdk": {"version": "==24.0.0", "index": "pypi"},
        "requests": {"version": "==2.32.3", "index": "pypi"},
        "certifi": {"version": "==2024.2.2"},
        "charset-normalizer": {"version": "==3.3.2"},
        "idna": {"version": "==3.6"}
    },
    "develop": {}
}
